
Microsoft Visual Studio Solution File, Format Version 12.00
# Visual Studio 14
VisualStudioVersion = 14.0.25420.1
MinimumVisualStudioVersion = 10.0.40219.1
Project("{FAE04EC0-301F-11D3-BF4B-00C04F79EFBC}") = "RuleBase", "RuleBase\RuleBase.csproj", "{EA7A73D6-9F7F-456C-8D53-4C915BB64162}"
EndProject
Project("{FAE04EC0-301F-11D3-BF4B-00C04F79EFBC}") = "HunndiBankInc", "HunndiBankInc\HunndiBankInc.csproj", "{63C86C93-F1DC-408D-BC32-CAA0D1E9A9CE}"
EndProject
Project("{FAE04EC0-301F-11D3-BF4B-00C04F79EFBC}") = "StealYourBikeBank", "StealYourBikeBank\StealYourBikeBank.csproj", "{9ADC7CEE-DA07-49EC-AB2C-F1B26A0B201E}"
EndProject
Project("{FAE04EC0-301F-11D3-BF4B-00C04F79EFBC}") = "LoanBroker", "LoanBroker\LoanBroker.csproj", "{5961EDD1-9A02-4E26-8FB8-41850D014A39}"
EndProject
Global
	GlobalSection(SolutionConfigurationPlatforms) = preSolution
		Debug|Any CPU = Debug|Any CPU
		Release|Any CPU = Release|Any CPU
	EndGlobalSection
	GlobalSection(ProjectConfigurationPlatforms) = postSolution
		{EA7A73D6-9F7F-456C-8D53-4C915BB64162}.Debug|Any CPU.ActiveCfg = Debug|Any CPU
		{EA7A73D6-9F7F-456C-8D53-4C915BB64162}.Debug|Any CPU.Build.0 = Debug|Any CPU
		{EA7A73D6-9F7F-456C-8D53-4C915BB64162}.Release|Any CPU.ActiveCfg = Release|Any CPU
		{EA7A73D6-9F7F-456C-8D53-4C915BB64162}.Release|Any CPU.Build.0 = Release|Any CPU
		{63C86C93-F1DC-408D-BC32-CAA0D1E9A9CE}.Debug|Any CPU.ActiveCfg = Debug|Any CPU
		{63C86C93-F1DC-408D-BC32-CAA0D1E9A9CE}.Debug|Any CPU.Build.0 = Debug|Any CPU
		{63C86C93-F1DC-408D-BC32-CAA0D1E9A9CE}.Release|Any CPU.ActiveCfg = Release|Any CPU
		{63C86C93-F1DC-408D-BC32-CAA0D1E9A9CE}.Release|Any CPU.Build.0 = Release|Any CPU
		{9ADC7CEE-DA07-49EC-AB2C-F1B26A0B201E}.Debug|Any CPU.ActiveCfg = Debug|Any CPU
		{9ADC7CEE-DA07-49EC-AB2C-F1B26A0B201E}.Debug|Any CPU.Build.0 = Debug|Any CPU
		{9ADC7CEE-DA07-49EC-AB2C-F1B26A0B201E}.Release|Any CPU.ActiveCfg = Release|Any CPU
		{9ADC7CEE-DA07-49EC-AB2C-F1B26A0B201E}.Release|Any CPU.Build.0 = Release|Any CPU
		{5961EDD1-9A02-4E26-8FB8-41850D014A39}.Debug|Any CPU.ActiveCfg = Debug|Any CPU
		{5961EDD1-9A02-4E26-8FB8-41850D014A39}.Debug|Any CPU.Build.0 = Debug|Any CPU
		{5961EDD1-9A02-4E26-8FB8-41850D014A39}.Release|Any CPU.ActiveCfg = Release|Any CPU
		{5961EDD1-9A02-4E26-8FB8-41850D014A39}.Release|Any CPU.Build.0 = Release|Any CPU
	EndGlobalSection
	GlobalSection(SolutionProperties) = preSolution
		HideSolutionNode = FALSE
	EndGlobalSection
EndGlobal
